<?xml version="1.0" encoding="UTF-8" standalone="yes" ?>
<CodeBlocks_project_file>
	<FileVersion major="1" minor="6" />
	<Project>
		<Option title="SPL" />
		<Option pch_mode="2" />
		<Option compiler="gcc" />
		<Build>
			<Target title="Debug">
				<Option output="bin/Debug/SPL" prefix_auto="1" extension_auto="1" />
				<Option object_output="obj/Debug/" />
				<Option type="1" />
				<Option compiler="gcc" />
				<Compiler>
					<Add option="-g" />
					<Add directory="../SPL" />
					<Add directory="C:/Users/User/OneDrive/Documents/GitHub/SPL/texts" />
					<Add directory="C:/Users/User/OneDrive/Documents/GitHub/SPL/header files" />
				</Compiler>
			</Target>
			<Target title="Release">
				<Option output="bin/Release/SPL" prefix_auto="1" extension_auto="1" />
				<Option object_output="obj/Release/" />
				<Option type="1" />
				<Option compiler="gcc" />
				<Compiler>
					<Add option="-O2" />
					<Add directory="C:/Users/User/OneDrive/Documents/GitHub/SPL/" />
				</Compiler>
				<Linker>
					<Add option="-s" />
				</Linker>
			</Target>
		</Build>
		<Compiler>
			<Add option="-Wall" />
			<Add option="-fexceptions" />
			<Add directory="C:/Users/User/OneDrive/Documents/GitHub/SPL/" />
			<Add directory="C:/Users/User/OneDrive/Documents/GitHub/SPL/texts" />
		</Compiler>
		<Unit filename="cryptography/decryption.cpp" />
		<Unit filename="cryptography/encryption.cpp" />
		<Unit filename="cryptography/integerMatrix_to_shortMatrix.cpp" />
		<Unit filename="cryptography/key.cpp" />
		<Unit filename="cryptography/makeMatrix.cpp" />
		<Unit filename="cryptography/makeSring.cpp" />
		<Unit filename="decryptedText.txt" />
		<Unit filename="encryptedText.bin" />
		<Unit filename="encryptedText.txt" />
		<Unit filename="equation.txt" />
		<Unit filename="equation2.txt" />
		<Unit filename="header files/cryptography.h" />
		<Unit filename="header files/linearSystem.h" />
		<Unit filename="header files/matrix.h" />
		<Unit filename="header files/normal_matrix.h" />
		<Unit filename="linear system solver/commonMethodsForLinearSolver.cpp" />
		<Unit filename="linear system solver/equationInput.cpp" />
		<Unit filename="linear system solver/max_length_of_number.cpp" />
		<Unit filename="linear system solver/usingCramer&apos;sRule.cpp" />
		<Unit filename="linear system solver/usingGaussianElimination.cpp" />
		<Unit filename="linear system solver/usingInverseMatrix.cpp" />
		<Unit filename="main.cpp" />
		<Unit filename="matrix/addition&amp;subtraction.cpp" />
		<Unit filename="matrix/determinant.cpp" />
		<Unit filename="matrix/getNumber.cpp" />
		<Unit filename="matrix/greatestCommonDivisor.cpp" />
		<Unit filename="matrix/in&amp;out_matrix.cpp" />
		<Unit filename="matrix/isFractionalMatrix.cpp" />
		<Unit filename="matrix/leastCommonMultiple.cpp" />
		<Unit filename="matrix/matrixAdjoint.cpp" />
		<Unit filename="matrix/matrixInverse.cpp" />
		<Unit filename="matrix/matrixMemoryOptimization.cpp" />
		<Unit filename="matrix/matrixMultiplication.cpp" />
		<Unit filename="matrix/matrixTranspose.cpp" />
		<Unit filename="matrix/multiplicationWithConstant.cpp" />
		<Unit filename="normalMatrix/in&amp;out_normal_matrix.cpp" />
		<Unit filename="normalMatrix/normal _matrix_transpose.cpp" />
		<Unit filename="normalMatrix/normal_matrix_addition&amp;subtraction.cpp" />
		<Unit filename="normalMatrix/normal_matrix_adjoint.cpp" />
		<Unit filename="normalMatrix/normal_matrix_determinant.cpp" />
		<Unit filename="normalMatrix/normal_matrix_multiplication.cpp" />
		<Unit filename="normalMatrix/normal_matrix_multiplicationWithConstant.cpp" />
		<Unit filename="normalMatrix/normal_matrixi_inverse.cpp" />
		<Unit filename="plaintext.txt" />
		<Unit filename="solution1.txt" />
		<Unit filename="solution2.txt" />
		<Unit filename="solution3.txt" />
		<Unit filename="solution4.txt" />
		<Unit filename="text1.txt" />
		<Unit filename="text2.txt" />
		<Unit filename="text3.txt" />
		<Extensions />
	</Project>
</CodeBlocks_project_file>
