<?xml version="1.0" encoding="UTF-8" standalone="yes" ?>
<CodeBlocks_project_file>
	<FileVersion major="1" minor="6" />
	<Project>
		<Option title="SPL" />
		<Option pch_mode="2" />
		<Option compiler="gcc" />
		<Build>
			<Target title="Debug">
				<Option output="bin/Debug/SPL" prefix_auto="1" extension_auto="1" />
				<Option object_output="obj/Debug/" />
				<Option type="1" />
				<Option compiler="gcc" />
				<Compiler>
					<Add option="-g" />
					<Add directory="C:/Users/User/OneDrive/Documents/GitHub/SPL/" />
				</Compiler>
			</Target>
			<Target title="Release">
				<Option output="bin/Release/SPL" prefix_auto="1" extension_auto="1" />
				<Option object_output="obj/Release/" />
				<Option type="1" />
				<Option compiler="gcc" />
				<Compiler>
					<Add option="-O2" />
				</Compiler>
				<Linker>
					<Add option="-s" />
				</Linker>
			</Target>
		</Build>
		<Compiler>
			<Add option="-Wall" />
			<Add option="-fexceptions" />
			<Add directory="normalMatrix" />
		</Compiler>
		<Unit filename="equation.txt" />
		<Unit filename="fmatrix.h" />
		<Unit filename="fractionMatrix/faddition&amp;subtraction.cpp" />
		<Unit filename="fractionMatrix/getNumber.cpp" />
		<Unit filename="fractionMatrix/in&amp;out_fmatrix.cpp" />
		<Unit filename="fractionMatrix/lcm.cpp" />
		<Unit filename="linear system solver/equationInput.cpp" />
		<Unit filename="linear system solver/usingCramer&apos;sRule.cpp" />
		<Unit filename="main.cpp" />
		<Unit filename="matrix.h" />
		<Unit filename="normalMatrix/addition&amp;subtraction.cpp" />
		<Unit filename="normalMatrix/determinant.cpp" />
		<Unit filename="normalMatrix/in&amp;out_matrix.cpp" />
		<Unit filename="normalMatrix/matrixAdjoint.cpp" />
		<Unit filename="normalMatrix/matrixInverse.cpp" />
		<Unit filename="normalMatrix/matrixMultiplication.cpp" />
		<Unit filename="normalMatrix/matrixTranspose.cpp" />
		<Unit filename="normalMatrix/multiplicationWithConstant.cpp" />
		<Unit filename="text.txt" />
		<Unit filename="text2.txt" />
		<Extensions />
	</Project>
</CodeBlocks_project_file>
